
Microsoft Visual Studio Solution File, Format Version 12.00
# Visual Studio Version 17
VisualStudioVersion = 17.10.35122.118
MinimumVisualStudioVersion = 10.0.40219.1
Project("{FAE04EC0-301F-11D3-BF4B-00C04F79EFBC}") = "WeatherForcast", "WeatherForcast\WeatherForcast.csproj", "{51FE5F1F-E56E-4813-87AE-B90D1D636A71}"
EndProject
Global
	GlobalSection(SolutionConfigurationPlatforms) = preSolution
		Debug|Any CPU = Debug|Any CPU
		Release|Any CPU = Release|Any CPU
	EndGlobalSection
	GlobalSection(ProjectConfigurationPlatforms) = postSolution
		{51FE5F1F-E56E-4813-87AE-B90D1D636A71}.Debug|Any CPU.ActiveCfg = Debug|Any CPU
		{51FE5F1F-E56E-4813-87AE-B90D1D636A71}.Debug|Any CPU.Build.0 = Debug|Any CPU
		{51FE5F1F-E56E-4813-87AE-B90D1D636A71}.Release|Any CPU.ActiveCfg = Release|Any CPU
		{51FE5F1F-E56E-4813-87AE-B90D1D636A71}.Release|Any CPU.Build.0 = Release|Any CPU
	EndGlobalSection
	GlobalSection(SolutionProperties) = preSolution
		HideSolutionNode = FALSE
	EndGlobalSection
	GlobalSection(ExtensibilityGlobals) = postSolution
		SolutionGuid = {89F1404E-D03E-425E-8730-EE1CA7B7EAD6}
	EndGlobalSection
EndGlobal
